{
  "name": "miniprogram-ts-quickstart",
  "version": "1.0.0",
  "lockfileVersion": 1,
  "requires": true,
  "dependencies": {
    "miniprogram-api-typings": {
      "version": "2.9.3",
      "resolved": "https://registry.npm.taobao.org/miniprogram-api-typings/download/miniprogram-api-typings-2.9.3.tgz?cache=0&sync_timestamp=1575616908266&other_urls=https%3A%2F%2Fregistry.npm.taobao.org%2Fminiprogram-api-typings%2Fdownload%2Fminiprogram-api-typings-2.9.3.tgz",
      "integrity": "sha1-PSkMzS7sP7/d1/viCY9LkNf3WVo="
    },
    "typescript": {
      "version": "3.7.3",
      "resolved": "https://registry.npm.taobao.org/typescript/download/typescript-3.7.3.tgz?cache=0&sync_timestamp=1575704099520&other_urls=https%3A%2F%2Fregistry.npm.taobao.org%2Ftypescript%2Fdownload%2Ftypescript-3.7.3.tgz",
      "integrity": "sha1-s2hAZooWRYpwJbnqv60Rtmq4XGk="
    }
  }
}
