{
  "requires": true,
  "lockfileVersion": 1,
  "dependencies": {
    "@types/node": {
      "version": "12.12.17",
      "resolved": "http://r.cnpmjs.org/@types/node/download/@types/node-12.12.17.tgz",
      "integrity": "sha1-GRtx5/TDJe4PsjvEqZZHfZK4w5s="
    },
    "@types/weixin-app": {
      "version": "2.2.28",
      "resolved": "http://r.cnpmjs.org/@types/weixin-app/download/@types/weixin-app-2.2.28.tgz",
      "integrity": "sha1-7LzQgxjPlSisjktgxMcYHAoR8ao="
    },
    "mddir": {
      "version": "1.1.1",
      "resolved": "http://r.cnpmjs.org/mddir/download/mddir-1.1.1.tgz",
      "integrity": "sha1-+n3dJrklWObrn4kNAtJaP3zaBWs="
    },
    "miniprogram-api-typings": {
      "version": "2.9.3",
      "resolved": "https://registry.npm.taobao.org/miniprogram-api-typings/download/miniprogram-api-typings-2.9.3.tgz?cache=0&sync_timestamp=1575616908266&other_urls=https%3A%2F%2Fregistry.npm.taobao.org%2Fminiprogram-api-typings%2Fdownload%2Fminiprogram-api-typings-2.9.3.tgz",
      "integrity": "sha1-PSkMzS7sP7/d1/viCY9LkNf3WVo="
    },
    "typescript": {
      "version": "3.7.3",
      "resolved": "https://registry.npm.taobao.org/typescript/download/typescript-3.7.3.tgz?cache=0&sync_timestamp=1575704099520&other_urls=https%3A%2F%2Fregistry.npm.taobao.org%2Ftypescript%2Fdownload%2Ftypescript-3.7.3.tgz",
      "integrity": "sha1-s2hAZooWRYpwJbnqv60Rtmq4XGk="
    },
    "weui-miniprogram": {
      "version": "0.3.0",
      "resolved": "http://r.cnpmjs.org/weui-miniprogram/download/weui-miniprogram-0.3.0.tgz",
      "integrity": "sha1-YSS1GHvBc2ks6tFE8FcOnTvjW9g="
    }
  }
}
